
Microsoft Visual Studio Solution File, Format Version 12.00
# Visual Studio 15
VisualStudioVersion = 15.0.28010.2050
MinimumVisualStudioVersion = 10.0.40219.1
Project("{FAE04EC0-301F-11D3-BF4B-00C04F79EFBC}") = "MothersClub", "MothersClub\MothersClub.csproj", "{61B2C583-5BB9-4C06-B1C3-F127F9EEE5D8}"
EndProject
Project("{FAE04EC0-301F-11D3-BF4B-00C04F79EFBC}") = "MothersClub.Tests", "MothersClub.Tests\MothersClub.Tests.csproj", "{94351C31-C032-41C2-82AE-B767592D61F5}"
EndProject
Global
	GlobalSection(SolutionConfigurationPlatforms) = preSolution
		Debug|Any CPU = Debug|Any CPU
		Release|Any CPU = Release|Any CPU
	EndGlobalSection
	GlobalSection(ProjectConfigurationPlatforms) = postSolution
		{61B2C583-5BB9-4C06-B1C3-F127F9EEE5D8}.Debug|Any CPU.ActiveCfg = Debug|Any CPU
		{61B2C583-5BB9-4C06-B1C3-F127F9EEE5D8}.Debug|Any CPU.Build.0 = Debug|Any CPU
		{61B2C583-5BB9-4C06-B1C3-F127F9EEE5D8}.Release|Any CPU.ActiveCfg = Release|Any CPU
		{61B2C583-5BB9-4C06-B1C3-F127F9EEE5D8}.Release|Any CPU.Build.0 = Release|Any CPU
		{94351C31-C032-41C2-82AE-B767592D61F5}.Debug|Any CPU.ActiveCfg = Debug|Any CPU
		{94351C31-C032-41C2-82AE-B767592D61F5}.Debug|Any CPU.Build.0 = Debug|Any CPU
		{94351C31-C032-41C2-82AE-B767592D61F5}.Release|Any CPU.ActiveCfg = Release|Any CPU
		{94351C31-C032-41C2-82AE-B767592D61F5}.Release|Any CPU.Build.0 = Release|Any CPU
	EndGlobalSection
	GlobalSection(SolutionProperties) = preSolution
		HideSolutionNode = FALSE
	EndGlobalSection
	GlobalSection(ExtensibilityGlobals) = postSolution
		SolutionGuid = {D6BD9BE5-ACFE-4AAA-9DD9-89A589162341}
	EndGlobalSection
EndGlobal
